
Microsoft Visual Studio Solution File, Format Version 12.00
# Visual Studio Version 17
VisualStudioVersion = 17.7.34202.233
MinimumVisualStudioVersion = 10.0.40219.1
Project("{9A19103F-16F7-4668-BE54-9A1E7A4F7556}") = "ToothCare.Domain", "ToothCare.Domain\ToothCare.Domain.csproj", "{8F0927B3-03D3-45D4-B54E-ADC82D017AE6}"
EndProject
Project("{9A19103F-16F7-4668-BE54-9A1E7A4F7556}") = "ToothCare.Application", "ToothCare.Application\ToothCare.Application.csproj", "{03C35AF6-3F29-4154-96CD-0898BE9E3AFD}"
EndProject
Project("{9A19103F-16F7-4668-BE54-9A1E7A4F7556}") = "ToothCare.Infrastructure", "ToothCare.Infrastructure\ToothCare.Infrastructure.csproj", "{F5096C9C-94CC-45B2-95B6-8C9E1718122F}"
EndProject
Project("{2150E333-8FDC-42A3-9474-1A3956D46DE8}") = "Solution Items", "Solution Items", "{AE2804A6-7FC4-4FBE-988A-41BA46C11CF8}"
	ProjectSection(SolutionItems) = preProject
		.editorconfig = .editorconfig
	EndProjectSection
EndProject
Project("{FAE04EC0-301F-11D3-BF4B-00C04F79EFBC}") = "ToothCare.Presentation", "ToothCare.Presentation\ToothCare.Presentation.csproj", "{7F0B6445-1BF0-4A26-B4AD-0F9900C98F3E}"
EndProject
Global
	GlobalSection(SolutionConfigurationPlatforms) = preSolution
		Debug|Any CPU = Debug|Any CPU
		Release|Any CPU = Release|Any CPU
	EndGlobalSection
	GlobalSection(ProjectConfigurationPlatforms) = postSolution
		{8F0927B3-03D3-45D4-B54E-ADC82D017AE6}.Debug|Any CPU.ActiveCfg = Debug|Any CPU
		{8F0927B3-03D3-45D4-B54E-ADC82D017AE6}.Debug|Any CPU.Build.0 = Debug|Any CPU
		{8F0927B3-03D3-45D4-B54E-ADC82D017AE6}.Release|Any CPU.ActiveCfg = Release|Any CPU
		{8F0927B3-03D3-45D4-B54E-ADC82D017AE6}.Release|Any CPU.Build.0 = Release|Any CPU
		{03C35AF6-3F29-4154-96CD-0898BE9E3AFD}.Debug|Any CPU.ActiveCfg = Debug|Any CPU
		{03C35AF6-3F29-4154-96CD-0898BE9E3AFD}.Debug|Any CPU.Build.0 = Debug|Any CPU
		{03C35AF6-3F29-4154-96CD-0898BE9E3AFD}.Release|Any CPU.ActiveCfg = Release|Any CPU
		{03C35AF6-3F29-4154-96CD-0898BE9E3AFD}.Release|Any CPU.Build.0 = Release|Any CPU
		{F5096C9C-94CC-45B2-95B6-8C9E1718122F}.Debug|Any CPU.ActiveCfg = Debug|Any CPU
		{F5096C9C-94CC-45B2-95B6-8C9E1718122F}.Debug|Any CPU.Build.0 = Debug|Any CPU
		{F5096C9C-94CC-45B2-95B6-8C9E1718122F}.Release|Any CPU.ActiveCfg = Release|Any CPU
		{F5096C9C-94CC-45B2-95B6-8C9E1718122F}.Release|Any CPU.Build.0 = Release|Any CPU
		{7F0B6445-1BF0-4A26-B4AD-0F9900C98F3E}.Debug|Any CPU.ActiveCfg = Debug|Any CPU
		{7F0B6445-1BF0-4A26-B4AD-0F9900C98F3E}.Debug|Any CPU.Build.0 = Debug|Any CPU
		{7F0B6445-1BF0-4A26-B4AD-0F9900C98F3E}.Release|Any CPU.ActiveCfg = Release|Any CPU
		{7F0B6445-1BF0-4A26-B4AD-0F9900C98F3E}.Release|Any CPU.Build.0 = Release|Any CPU
	EndGlobalSection
	GlobalSection(SolutionProperties) = preSolution
		HideSolutionNode = FALSE
	EndGlobalSection
	GlobalSection(ExtensibilityGlobals) = postSolution
		SolutionGuid = {5A19D1AA-5601-43D0-B56D-735546190941}
	EndGlobalSection
EndGlobal
